// !$*UTF8*$!
{
	archiveVersion = 1;
	classes = {
	};
	objectVersion = 55;
	objects = {

/* Begin PBXBuildFile section */
		2A7AC4232868A5FC00271F19 /* AppDelegate.swift in Sources */ = {isa = PBXBuildFile; fileRef = 2A7AC4222868A5FC00271F19 /* AppDelegate.swift */; };
		2A7AC42C2868A60000271F19 /* Assets.xcassets in Resources */ = {isa = PBXBuildFile; fileRef = 2A7AC42B2868A60000271F19 /* Assets.xcassets */; };
		2A7AC42F2868A60000271F19 /* LaunchScreen.storyboard in Resources */ = {isa = PBXBuildFile; fileRef = 2A7AC42D2868A60000271F19 /* LaunchScreen.storyboard */; };
		2A7AC4382868BF8300271F19 /* MainCoordinator.swift in Sources */ = {isa = PBXBuildFile; fileRef = 2A7AC4372868BF8300271F19 /* MainCoordinator.swift */; };
		2A7AC43F2868BFD500271F19 /* HomeViewController.swift in Sources */ = {isa = PBXBuildFile; fileRef = 2A7AC43D2868BFD500271F19 /* HomeViewController.swift */; };
		2A7AC4402868BFD500271F19 /* HomeViewController.xib in Resources */ = {isa = PBXBuildFile; fileRef = 2A7AC43E2868BFD500271F19 /* HomeViewController.xib */; };
		2A7AC4422868BFE000271F19 /* HomeViewModel.swift in Sources */ = {isa = PBXBuildFile; fileRef = 2A7AC4412868BFE000271F19 /* HomeViewModel.swift */; };
		2A7AC4452868C04900271F19 /* HomeRouter.swift in Sources */ = {isa = PBXBuildFile; fileRef = 2A7AC4442868C04900271F19 /* HomeRouter.swift */; };
		2A7AC4482868C32800271F19 /* NetworkingManager.swift in Sources */ = {isa = PBXBuildFile; fileRef = 2A7AC4472868C32800271F19 /* NetworkingManager.swift */; };
		2A7AC44A2868C38800271F19 /* Posts.swift in Sources */ = {isa = PBXBuildFile; fileRef = 2A7AC4492868C38800271F19 /* Posts.swift */; };
		2A7AC44D2868CD0E00271F19 /* Loading.swift in Sources */ = {isa = PBXBuildFile; fileRef = 2A7AC44C2868CD0E00271F19 /* Loading.swift */; };
		2A7AC4552868CE9600271F19 /* DetailViewController.swift in Sources */ = {isa = PBXBuildFile; fileRef = 2A7AC4532868CE9600271F19 /* DetailViewController.swift */; };
		2A7AC4562868CE9600271F19 /* DetailViewController.xib in Resources */ = {isa = PBXBuildFile; fileRef = 2A7AC4542868CE9600271F19 /* DetailViewController.xib */; };
		2A7AC4592868CEA800271F19 /* DetailViewModel.swift in Sources */ = {isa = PBXBuildFile; fileRef = 2A7AC4582868CEA800271F19 /* DetailViewModel.swift */; };
		2A7AC45B2868CEC500271F19 /* DetailRouter.swift in Sources */ = {isa = PBXBuildFile; fileRef = 2A7AC45A2868CEC500271F19 /* DetailRouter.swift */; };
		2A7AC45D2868D05800271F19 /* Comments.swift in Sources */ = {isa = PBXBuildFile; fileRef = 2A7AC45C2868D05800271F19 /* Comments.swift */; };
		2A7AC4612868D6FE00271F19 /* HomeTableViewCell.swift in Sources */ = {isa = PBXBuildFile; fileRef = 2A7AC45F2868D6FE00271F19 /* HomeTableViewCell.swift */; };
		2A7AC4622868D6FE00271F19 /* HomeTableViewCell.xib in Resources */ = {isa = PBXBuildFile; fileRef = 2A7AC4602868D6FE00271F19 /* HomeTableViewCell.xib */; };
		2A7AC4662869D97500271F19 /* CommentsTableViewCell.swift in Sources */ = {isa = PBXBuildFile; fileRef = 2A7AC4642869D97500271F19 /* CommentsTableViewCell.swift */; };
		2A7AC4672869D97500271F19 /* CommentsTableViewCell.xib in Resources */ = {isa = PBXBuildFile; fileRef = 2A7AC4652869D97500271F19 /* CommentsTableViewCell.xib */; };
/* End PBXBuildFile section */

/* Begin PBXFileReference section */
		2A7AC41F2868A5FC00271F19 /* ZemogaMobileTest.app */ = {isa = PBXFileReference; explicitFileType = wrapper.application; includeInIndex = 0; path = ZemogaMobileTest.app; sourceTree = BUILT_PRODUCTS_DIR; };
		2A7AC4222868A5FC00271F19 /* AppDelegate.swift */ = {isa = PBXFileReference; lastKnownFileType = sourcecode.swift; path = AppDelegate.swift; sourceTree = "<group>"; };
		2A7AC42B2868A60000271F19 /* Assets.xcassets */ = {isa = PBXFileReference; lastKnownFileType = folder.assetcatalog; path = Assets.xcassets; sourceTree = "<group>"; };
		2A7AC42E2868A60000271F19 /* Base */ = {isa = PBXFileReference; lastKnownFileType = file.storyboard; name = Base; path = Base.lproj/LaunchScreen.storyboard; sourceTree = "<group>"; };
		2A7AC4302868A60000271F19 /* Info.plist */ = {isa = PBXFileReference; lastKnownFileType = text.plist.xml; path = Info.plist; sourceTree = "<group>"; };
		2A7AC4372868BF8300271F19 /* MainCoordinator.swift */ = {isa = PBXFileReference; lastKnownFileType = sourcecode.swift; path = MainCoordinator.swift; sourceTree = "<group>"; };
		2A7AC43D2868BFD500271F19 /* HomeViewController.swift */ = {isa = PBXFileReference; lastKnownFileType = sourcecode.swift; path = HomeViewController.swift; sourceTree = "<group>"; };
		2A7AC43E2868BFD500271F19 /* HomeViewController.xib */ = {isa = PBXFileReference; lastKnownFileType = file.xib; path = HomeViewController.xib; sourceTree = "<group>"; };
		2A7AC4412868BFE000271F19 /* HomeViewModel.swift */ = {isa = PBXFileReference; lastKnownFileType = sourcecode.swift; path = HomeViewModel.swift; sourceTree = "<group>"; };
		2A7AC4442868C04900271F19 /* HomeRouter.swift */ = {isa = PBXFileReference; lastKnownFileType = sourcecode.swift; path = HomeRouter.swift; sourceTree = "<group>"; };
		2A7AC4472868C32800271F19 /* NetworkingManager.swift */ = {isa = PBXFileReference; lastKnownFileType = sourcecode.swift; path = NetworkingManager.swift; sourceTree = "<group>"; };
		2A7AC4492868C38800271F19 /* Posts.swift */ = {isa = PBXFileReference; lastKnownFileType = sourcecode.swift; path = Posts.swift; sourceTree = "<group>"; };
		2A7AC44C2868CD0E00271F19 /* Loading.swift */ = {isa = PBXFileReference; lastKnownFileType = sourcecode.swift; path = Loading.swift; sourceTree = "<group>"; };
		2A7AC4532868CE9600271F19 /* DetailViewController.swift */ = {isa = PBXFileReference; lastKnownFileType = sourcecode.swift; path = DetailViewController.swift; sourceTree = "<group>"; };
		2A7AC4542868CE9600271F19 /* DetailViewController.xib */ = {isa = PBXFileReference; lastKnownFileType = file.xib; path = DetailViewController.xib; sourceTree = "<group>"; };
		2A7AC4582868CEA800271F19 /* DetailViewModel.swift */ = {isa = PBXFileReference; lastKnownFileType = sourcecode.swift; path = DetailViewModel.swift; sourceTree = "<group>"; };
		2A7AC45A2868CEC500271F19 /* DetailRouter.swift */ = {isa = PBXFileReference; lastKnownFileType = sourcecode.swift; path = DetailRouter.swift; sourceTree = "<group>"; };
		2A7AC45C2868D05800271F19 /* Comments.swift */ = {isa = PBXFileReference; lastKnownFileType = sourcecode.swift; path = Comments.swift; sourceTree = "<group>"; };
		2A7AC45F2868D6FE00271F19 /* HomeTableViewCell.swift */ = {isa = PBXFileReference; lastKnownFileType = sourcecode.swift; path = HomeTableViewCell.swift; sourceTree = "<group>"; };
		2A7AC4602868D6FE00271F19 /* HomeTableViewCell.xib */ = {isa = PBXFileReference; lastKnownFileType = file.xib; path = HomeTableViewCell.xib; sourceTree = "<group>"; };
		2A7AC4642869D97500271F19 /* CommentsTableViewCell.swift */ = {isa = PBXFileReference; lastKnownFileType = sourcecode.swift; path = CommentsTableViewCell.swift; sourceTree = "<group>"; };
		2A7AC4652869D97500271F19 /* CommentsTableViewCell.xib */ = {isa = PBXFileReference; lastKnownFileType = file.xib; path = CommentsTableViewCell.xib; sourceTree = "<group>"; };
/* End PBXFileReference section */

/* Begin PBXFrameworksBuildPhase section */
		2A7AC41C2868A5FC00271F19 /* Frameworks */ = {
			isa = PBXFrameworksBuildPhase;
			buildActionMask = 2147483647;
			files = (
			);
			runOnlyForDeploymentPostprocessing = 0;
		};
/* End PBXFrameworksBuildPhase section */

/* Begin PBXGroup section */
		2A7AC4162868A5FC00271F19 = {
			isa = PBXGroup;
			children = (
				2A7AC4212868A5FC00271F19 /* ZemogaMobileTest */,
				2A7AC4202868A5FC00271F19 /* Products */,
			);
			sourceTree = "<group>";
		};
		2A7AC4202868A5FC00271F19 /* Products */ = {
			isa = PBXGroup;
			children = (
				2A7AC41F2868A5FC00271F19 /* ZemogaMobileTest.app */,
			);
			name = Products;
			sourceTree = "<group>";
		};
		2A7AC4212868A5FC00271F19 /* ZemogaMobileTest */ = {
			isa = PBXGroup;
			children = (
				2A7AC44B2868CCD700271F19 /* Utils */,
				2A7AC4462868C31C00271F19 /* Networking */,
				2A7AC4392868BFB300271F19 /* Home */,
				2A7AC44E2868CE7200271F19 /* Detail */,
				2A7AC4362868BF7700271F19 /* Coordinator */,
				2A7AC4222868A5FC00271F19 /* AppDelegate.swift */,
				2A7AC42B2868A60000271F19 /* Assets.xcassets */,
				2A7AC42D2868A60000271F19 /* LaunchScreen.storyboard */,
				2A7AC4302868A60000271F19 /* Info.plist */,
			);
			path = ZemogaMobileTest;
			sourceTree = "<group>";
		};
		2A7AC4362868BF7700271F19 /* Coordinator */ = {
			isa = PBXGroup;
			children = (
				2A7AC4372868BF8300271F19 /* MainCoordinator.swift */,
			);
			path = Coordinator;
			sourceTree = "<group>";
		};
		2A7AC4392868BFB300271F19 /* Home */ = {
			isa = PBXGroup;
			children = (
				2A7AC4432868C03F00271F19 /* Router */,
				2A7AC43C2868BFC600271F19 /* Model */,
				2A7AC43B2868BFC300271F19 /* View */,
				2A7AC43A2868BFBE00271F19 /* ViewModel */,
			);
			path = Home;
			sourceTree = "<group>";
		};
		2A7AC43A2868BFBE00271F19 /* ViewModel */ = {
			isa = PBXGroup;
			children = (
				2A7AC4412868BFE000271F19 /* HomeViewModel.swift */,
			);
			path = ViewModel;
			sourceTree = "<group>";
		};
		2A7AC43B2868BFC300271F19 /* View */ = {
			isa = PBXGroup;
			children = (
				2A7AC45E2868D6E800271F19 /* Cell */,
				2A7AC43D2868BFD500271F19 /* HomeViewController.swift */,
				2A7AC43E2868BFD500271F19 /* HomeViewController.xib */,
			);
			path = View;
			sourceTree = "<group>";
		};
		2A7AC43C2868BFC600271F19 /* Model */ = {
			isa = PBXGroup;
			children = (
				2A7AC4492868C38800271F19 /* Posts.swift */,
			);
			path = Model;
			sourceTree = "<group>";
		};
		2A7AC4432868C03F00271F19 /* Router */ = {
			isa = PBXGroup;
			children = (
				2A7AC4442868C04900271F19 /* HomeRouter.swift */,
			);
			path = Router;
			sourceTree = "<group>";
		};
		2A7AC4462868C31C00271F19 /* Networking */ = {
			isa = PBXGroup;
			children = (
				2A7AC4472868C32800271F19 /* NetworkingManager.swift */,
			);
			path = Networking;
			sourceTree = "<group>";
		};
		2A7AC44B2868CCD700271F19 /* Utils */ = {
			isa = PBXGroup;
			children = (
				2A7AC44C2868CD0E00271F19 /* Loading.swift */,
			);
			path = Utils;
			sourceTree = "<group>";
		};
		2A7AC44E2868CE7200271F19 /* Detail */ = {
			isa = PBXGroup;
			children = (
				2A7AC4522868CE8900271F19 /* Router */,
				2A7AC4512868CE8000271F19 /* Model */,
				2A7AC4502868CE7D00271F19 /* View */,
				2A7AC44F2868CE7900271F19 /* ViewModel */,
			);
			path = Detail;
			sourceTree = "<group>";
		};
		2A7AC44F2868CE7900271F19 /* ViewModel */ = {
			isa = PBXGroup;
			children = (
				2A7AC4582868CEA800271F19 /* DetailViewModel.swift */,
			);
			path = ViewModel;
			sourceTree = "<group>";
		};
		2A7AC4502868CE7D00271F19 /* View */ = {
			isa = PBXGroup;
			children = (
				2A7AC4632869D95C00271F19 /* Cell */,
				2A7AC4532868CE9600271F19 /* DetailViewController.swift */,
				2A7AC4542868CE9600271F19 /* DetailViewController.xib */,
			);
			path = View;
			sourceTree = "<group>";
		};
		2A7AC4512868CE8000271F19 /* Model */ = {
			isa = PBXGroup;
			children = (
				2A7AC45C2868D05800271F19 /* Comments.swift */,
			);
			path = Model;
			sourceTree = "<group>";
		};
		2A7AC4522868CE8900271F19 /* Router */ = {
			isa = PBXGroup;
			children = (
				2A7AC45A2868CEC500271F19 /* DetailRouter.swift */,
			);
			path = Router;
			sourceTree = "<group>";
		};
		2A7AC45E2868D6E800271F19 /* Cell */ = {
			isa = PBXGroup;
			children = (
				2A7AC45F2868D6FE00271F19 /* HomeTableViewCell.swift */,
				2A7AC4602868D6FE00271F19 /* HomeTableViewCell.xib */,
			);
			path = Cell;
			sourceTree = "<group>";
		};
		2A7AC4632869D95C00271F19 /* Cell */ = {
			isa = PBXGroup;
			children = (
				2A7AC4642869D97500271F19 /* CommentsTableViewCell.swift */,
				2A7AC4652869D97500271F19 /* CommentsTableViewCell.xib */,
			);
			path = Cell;
			sourceTree = "<group>";
		};
/* End PBXGroup section */

/* Begin PBXNativeTarget section */
		2A7AC41E2868A5FC00271F19 /* ZemogaMobileTest */ = {
			isa = PBXNativeTarget;
			buildConfigurationList = 2A7AC4332868A60000271F19 /* Build configuration list for PBXNativeTarget "ZemogaMobileTest" */;
			buildPhases = (
				2A7AC41B2868A5FC00271F19 /* Sources */,
				2A7AC41C2868A5FC00271F19 /* Frameworks */,
				2A7AC41D2868A5FC00271F19 /* Resources */,
			);
			buildRules = (
			);
			dependencies = (
			);
			name = ZemogaMobileTest;
			productName = ZemogaMobileTest;
			productReference = 2A7AC41F2868A5FC00271F19 /* ZemogaMobileTest.app */;
			productType = "com.apple.product-type.application";
		};
/* End PBXNativeTarget section */

/* Begin PBXProject section */
		2A7AC4172868A5FC00271F19 /* Project object */ = {
			isa = PBXProject;
			attributes = {
				BuildIndependentTargetsInParallel = 1;
				LastSwiftUpdateCheck = 1340;
				LastUpgradeCheck = 1340;
				TargetAttributes = {
					2A7AC41E2868A5FC00271F19 = {
						CreatedOnToolsVersion = 13.4.1;
					};
				};
			};
			buildConfigurationList = 2A7AC41A2868A5FC00271F19 /* Build configuration list for PBXProject "ZemogaMobileTest" */;
			compatibilityVersion = "Xcode 13.0";
			developmentRegion = en;
			hasScannedForEncodings = 0;
			knownRegions = (
				en,
				Base,
			);
			mainGroup = 2A7AC4162868A5FC00271F19;
			productRefGroup = 2A7AC4202868A5FC00271F19 /* Products */;
			projectDirPath = "";
			projectRoot = "";
			targets = (
				2A7AC41E2868A5FC00271F19 /* ZemogaMobileTest */,
			);
		};
/* End PBXProject section */

/* Begin PBXResourcesBuildPhase section */
		2A7AC41D2868A5FC00271F19 /* Resources */ = {
			isa = PBXResourcesBuildPhase;
			buildActionMask = 2147483647;
			files = (
				2A7AC42F2868A60000271F19 /* LaunchScreen.storyboard in Resources */,
				2A7AC42C2868A60000271F19 /* Assets.xcassets in Resources */,
				2A7AC4402868BFD500271F19 /* HomeViewController.xib in Resources */,
				2A7AC4622868D6FE00271F19 /* HomeTableViewCell.xib in Resources */,
				2A7AC4562868CE9600271F19 /* DetailViewController.xib in Resources */,
				2A7AC4672869D97500271F19 /* CommentsTableViewCell.xib in Resources */,
			);
			runOnlyForDeploymentPostprocessing = 0;
		};
/* End PBXResourcesBuildPhase section */

/* Begin PBXSourcesBuildPhase section */
		2A7AC41B2868A5FC00271F19 /* Sources */ = {
			isa = PBXSourcesBuildPhase;
			buildActionMask = 2147483647;
			files = (
				2A7AC4552868CE9600271F19 /* DetailViewController.swift in Sources */,
				2A7AC45B2868CEC500271F19 /* DetailRouter.swift in Sources */,
				2A7AC4612868D6FE00271F19 /* HomeTableViewCell.swift in Sources */,
				2A7AC4382868BF8300271F19 /* MainCoordinator.swift in Sources */,
				2A7AC4232868A5FC00271F19 /* AppDelegate.swift in Sources */,
				2A7AC4592868CEA800271F19 /* DetailViewModel.swift in Sources */,
				2A7AC43F2868BFD500271F19 /* HomeViewController.swift in Sources */,
				2A7AC45D2868D05800271F19 /* Comments.swift in Sources */,
				2A7AC44A2868C38800271F19 /* Posts.swift in Sources */,
				2A7AC4482868C32800271F19 /* NetworkingManager.swift in Sources */,
				2A7AC4422868BFE000271F19 /* HomeViewModel.swift in Sources */,
				2A7AC4662869D97500271F19 /* CommentsTableViewCell.swift in Sources */,
				2A7AC44D2868CD0E00271F19 /* Loading.swift in Sources */,
				2A7AC4452868C04900271F19 /* HomeRouter.swift in Sources */,
			);
			runOnlyForDeploymentPostprocessing = 0;
		};
/* End PBXSourcesBuildPhase section */

/* Begin PBXVariantGroup section */
		2A7AC42D2868A60000271F19 /* LaunchScreen.storyboard */ = {
			isa = PBXVariantGroup;
			children = (
				2A7AC42E2868A60000271F19 /* Base */,
			);
			name = LaunchScreen.storyboard;
			sourceTree = "<group>";
		};
/* End PBXVariantGroup section */

/* Begin XCBuildConfiguration section */
		2A7AC4312868A60000271F19 /* Debug */ = {
			isa = XCBuildConfiguration;
			buildSettings = {
				ALWAYS_SEARCH_USER_PATHS = NO;
				CLANG_ANALYZER_NONNULL = YES;
				CLANG_ANALYZER_NUMBER_OBJECT_CONVERSION = YES_AGGRESSIVE;
				CLANG_CXX_LANGUAGE_STANDARD = "gnu++17";
				CLANG_ENABLE_MODULES = YES;
				CLANG_ENABLE_OBJC_ARC = YES;
				CLANG_ENABLE_OBJC_WEAK = YES;
				CLANG_WARN_BLOCK_CAPTURE_AUTORELEASING = YES;
				CLANG_WARN_BOOL_CONVERSION = YES;
				CLANG_WARN_COMMA = YES;
				CLANG_WARN_CONSTANT_CONVERSION = YES;
				CLANG_WARN_DEPRECATED_OBJC_IMPLEMENTATIONS = YES;
				CLANG_WARN_DIRECT_OBJC_ISA_USAGE = YES_ERROR;
				CLANG_WARN_DOCUMENTATION_COMMENTS = YES;
				CLANG_WARN_EMPTY_BODY = YES;
				CLANG_WARN_ENUM_CONVERSION = YES;
				CLANG_WARN_INFINITE_RECURSION = YES;
				CLANG_WARN_INT_CONVERSION = YES;
				CLANG_WARN_NON_LITERAL_NULL_CONVERSION = YES;
				CLANG_WARN_OBJC_IMPLICIT_RETAIN_SELF = YES;
				CLANG_WARN_OBJC_LITERAL_CONVERSION = YES;
				CLANG_WARN_OBJC_ROOT_CLASS = YES_ERROR;
				CLANG_WARN_QUOTED_INCLUDE_IN_FRAMEWORK_HEADER = YES;
				CLANG_WARN_RANGE_LOOP_ANALYSIS = YES;
				CLANG_WARN_STRICT_PROTOTYPES = YES;
				CLANG_WARN_SUSPICIOUS_MOVE = YES;
				CLANG_WARN_UNGUARDED_AVAILABILITY = YES_AGGRESSIVE;
				CLANG_WARN_UNREACHABLE_CODE = YES;
				CLANG_WARN__DUPLICATE_METHOD_MATCH = YES;
				COPY_PHASE_STRIP = NO;
				DEBUG_INFORMATION_FORMAT = dwarf;
				ENABLE_STRICT_OBJC_MSGSEND = YES;
				ENABLE_TESTABILITY = YES;
				GCC_C_LANGUAGE_STANDARD = gnu11;
				GCC_DYNAMIC_NO_PIC = NO;
				GCC_NO_COMMON_BLOCKS = YES;
				GCC_OPTIMIZATION_LEVEL = 0;
				GCC_PREPROCESSOR_DEFINITIONS = (
					"DEBUG=1",
					"$(inherited)",
				);
				GCC_WARN_64_TO_32_BIT_CONVERSION = YES;
				GCC_WARN_ABOUT_RETURN_TYPE = YES_ERROR;
				GCC_WARN_UNDECLARED_SELECTOR = YES;
				GCC_WARN_UNINITIALIZED_AUTOS = YES_AGGRESSIVE;
				GCC_WARN_UNUSED_FUNCTION = YES;
				GCC_WARN_UNUSED_VARIABLE = YES;
				IPHONEOS_DEPLOYMENT_TARGET = 15.5;
				MTL_ENABLE_DEBUG_INFO = INCLUDE_SOURCE;
				MTL_FAST_MATH = YES;
				ONLY_ACTIVE_ARCH = YES;
				SDKROOT = iphoneos;
				SWIFT_ACTIVE_COMPILATION_CONDITIONS = DEBUG;
				SWIFT_OPTIMIZATION_LEVEL = "-Onone";
			};
			name = Debug;
		};
		2A7AC4322868A60000271F19 /* Release */ = {
			isa = XCBuildConfiguration;
			buildSettings = {
				ALWAYS_SEARCH_USER_PATHS = NO;
				CLANG_ANALYZER_NONNULL = YES;
				CLANG_ANALYZER_NUMBER_OBJECT_CONVERSION = YES_AGGRESSIVE;
				CLANG_CXX_LANGUAGE_STANDARD = "gnu++17";
				CLANG_ENABLE_MODULES = YES;
				CLANG_ENABLE_OBJC_ARC = YES;
				CLANG_ENABLE_OBJC_WEAK = YES;
				CLANG_WARN_BLOCK_CAPTURE_AUTORELEASING = YES;
				CLANG_WARN_BOOL_CONVERSION = YES;
				CLANG_WARN_COMMA = YES;
				CLANG_WARN_CONSTANT_CONVERSION = YES;
				CLANG_WARN_DEPRECATED_OBJC_IMPLEMENTATIONS = YES;
				CLANG_WARN_DIRECT_OBJC_ISA_USAGE = YES_ERROR;
				CLANG_WARN_DOCUMENTATION_COMMENTS = YES;
				CLANG_WARN_EMPTY_BODY = YES;
				CLANG_WARN_ENUM_CONVERSION = YES;
				CLANG_WARN_INFINITE_RECURSION = YES;
				CLANG_WARN_INT_CONVERSION = YES;
				CLANG_WARN_NON_LITERAL_NULL_CONVERSION = YES;
				CLANG_WARN_OBJC_IMPLICIT_RETAIN_SELF = YES;
				CLANG_WARN_OBJC_LITERAL_CONVERSION = YES;
				CLANG_WARN_OBJC_ROOT_CLASS = YES_ERROR;
				CLANG_WARN_QUOTED_INCLUDE_IN_FRAMEWORK_HEADER = YES;
				CLANG_WARN_RANGE_LOOP_ANALYSIS = YES;
				CLANG_WARN_STRICT_PROTOTYPES = YES;
				CLANG_WARN_SUSPICIOUS_MOVE = YES;
				CLANG_WARN_UNGUARDED_AVAILABILITY = YES_AGGRESSIVE;
				CLANG_WARN_UNREACHABLE_CODE = YES;
				CLANG_WARN__DUPLICATE_METHOD_MATCH = YES;
				COPY_PHASE_STRIP = NO;
				DEBUG_INFORMATION_FORMAT = "dwarf-with-dsym";
				ENABLE_NS_ASSERTIONS = NO;
				ENABLE_STRICT_OBJC_MSGSEND = YES;
				GCC_C_LANGUAGE_STANDARD = gnu11;
				GCC_NO_COMMON_BLOCKS = YES;
				GCC_WARN_64_TO_32_BIT_CONVERSION = YES;
				GCC_WARN_ABOUT_RETURN_TYPE = YES_ERROR;
				GCC_WARN_UNDECLARED_SELECTOR = YES;
				GCC_WARN_UNINITIALIZED_AUTOS = YES_AGGRESSIVE;
				GCC_WARN_UNUSED_FUNCTION = YES;
				GCC_WARN_UNUSED_VARIABLE = YES;
				IPHONEOS_DEPLOYMENT_TARGET = 15.5;
				MTL_ENABLE_DEBUG_INFO = NO;
				MTL_FAST_MATH = YES;
				SDKROOT = iphoneos;
				SWIFT_COMPILATION_MODE = wholemodule;
				SWIFT_OPTIMIZATION_LEVEL = "-O";
				VALIDATE_PRODUCT = YES;
			};
			name = Release;
		};
		2A7AC4342868A60000271F19 /* Debug */ = {
			isa = XCBuildConfiguration;
			buildSettings = {
				ASSETCATALOG_COMPILER_APPICON_NAME = AppIcon;
				ASSETCATALOG_COMPILER_GLOBAL_ACCENT_COLOR_NAME = AccentColor;
				CODE_SIGN_STYLE = Automatic;
				CURRENT_PROJECT_VERSION = 1;
				DEVELOPMENT_TEAM = 5S22W76BBZ;
				GENERATE_INFOPLIST_FILE = YES;
				INFOPLIST_FILE = ZemogaMobileTest/Info.plist;
				INFOPLIST_KEY_CFBundleDisplayName = Zemoga;
				INFOPLIST_KEY_UIApplicationSupportsIndirectInputEvents = YES;
				INFOPLIST_KEY_UILaunchStoryboardName = LaunchScreen;
				INFOPLIST_KEY_UISupportedInterfaceOrientations_iPad = "UIInterfaceOrientationPortrait UIInterfaceOrientationPortraitUpsideDown UIInterfaceOrientationLandscapeLeft UIInterfaceOrientationLandscapeRight";
				INFOPLIST_KEY_UISupportedInterfaceOrientations_iPhone = "UIInterfaceOrientationPortrait UIInterfaceOrientationLandscapeLeft UIInterfaceOrientationLandscapeRight";
				LD_RUNPATH_SEARCH_PATHS = (
					"$(inherited)",
					"@executable_path/Frameworks",
				);
				MARKETING_VERSION = 1.0.0;
				PRODUCT_BUNDLE_IDENTIFIER = com.kevinhomorales.zemogamobiletest;
				PRODUCT_NAME = "$(TARGET_NAME)";
				SWIFT_EMIT_LOC_STRINGS = YES;
				SWIFT_VERSION = 5.0;
				TARGETED_DEVICE_FAMILY = "1,2";
			};
			name = Debug;
		};
		2A7AC4352868A60000271F19 /* Release */ = {
			isa = XCBuildConfiguration;
			buildSettings = {
				ASSETCATALOG_COMPILER_APPICON_NAME = AppIcon;
				ASSETCATALOG_COMPILER_GLOBAL_ACCENT_COLOR_NAME = AccentColor;
				CODE_SIGN_STYLE = Automatic;
				CURRENT_PROJECT_VERSION = 1;
				DEVELOPMENT_TEAM = 5S22W76BBZ;
				GENERATE_INFOPLIST_FILE = YES;
				INFOPLIST_FILE = ZemogaMobileTest/Info.plist;
				INFOPLIST_KEY_CFBundleDisplayName = Zemoga;
				INFOPLIST_KEY_UIApplicationSupportsIndirectInputEvents = YES;
				INFOPLIST_KEY_UILaunchStoryboardName = LaunchScreen;
				INFOPLIST_KEY_UISupportedInterfaceOrientations_iPad = "UIInterfaceOrientationPortrait UIInterfaceOrientationPortraitUpsideDown UIInterfaceOrientationLandscapeLeft UIInterfaceOrientationLandscapeRight";
				INFOPLIST_KEY_UISupportedInterfaceOrientations_iPhone = "UIInterfaceOrientationPortrait UIInterfaceOrientationLandscapeLeft UIInterfaceOrientationLandscapeRight";
				LD_RUNPATH_SEARCH_PATHS = (
					"$(inherited)",
					"@executable_path/Frameworks",
				);
				MARKETING_VERSION = 1.0.0;
				PRODUCT_BUNDLE_IDENTIFIER = com.kevinhomorales.zemogamobiletest;
				PRODUCT_NAME = "$(TARGET_NAME)";
				SWIFT_EMIT_LOC_STRINGS = YES;
				SWIFT_VERSION = 5.0;
				TARGETED_DEVICE_FAMILY = "1,2";
			};
			name = Release;
		};
/* End XCBuildConfiguration section */

/* Begin XCConfigurationList section */
		2A7AC41A2868A5FC00271F19 /* Build configuration list for PBXProject "ZemogaMobileTest" */ = {
			isa = XCConfigurationList;
			buildConfigurations = (
				2A7AC4312868A60000271F19 /* Debug */,
				2A7AC4322868A60000271F19 /* Release */,
			);
			defaultConfigurationIsVisible = 0;
			defaultConfigurationName = Release;
		};
		2A7AC4332868A60000271F19 /* Build configuration list for PBXNativeTarget "ZemogaMobileTest" */ = {
			isa = XCConfigurationList;
			buildConfigurations = (
				2A7AC4342868A60000271F19 /* Debug */,
				2A7AC4352868A60000271F19 /* Release */,
			);
			defaultConfigurationIsVisible = 0;
			defaultConfigurationName = Release;
		};
/* End XCConfigurationList section */
	};
	rootObject = 2A7AC4172868A5FC00271F19 /* Project object */;
}
